
Microsoft Visual Studio Solution File, Format Version 12.00
# Visual Studio 2012
Project("{2150E333-8FDC-42A3-9474-1A3956D46DE8}") = "Test", "Test", "{465A1A74-1735-45F7-A270-7CE655ACC02E}"
EndProject
Project("{2150E333-8FDC-42A3-9474-1A3956D46DE8}") = "FKCWLib", "FKCWLib", "{29949495-461E-44CF-9401-A1EF04D3FB22}"
	ProjectSection(SolutionItems) = preProject
		FKCWLib\FKCocos2dxWrapper.h = FKCWLib\FKCocos2dxWrapper.h
	EndProjectSection
EndProject
Project("{8BC9CEB8-8B4A-11D0-8D11-00A0C91BC942}") = "libBox2D", "..\external\Box2D\proj.win32\Box2D.vcxproj", "{929480E7-23C0-4DF6-8456-096D71547116}"
EndProject
Project("{8BC9CEB8-8B4A-11D0-8D11-00A0C91BC942}") = "libchipmunk", "..\external\chipmunk\proj.win32\chipmunk.vcxproj", "{207BC7A9-CCF1-4F2F-A04D-45F72242AE25}"
EndProject
Project("{8BC9CEB8-8B4A-11D0-8D11-00A0C91BC942}") = "libcocos2d", "..\cocos2dx\proj.win32\cocos2d.vcxproj", "{98A51BA8-FC3A-415B-AC8F-8C7BD464E93E}"
EndProject
Project("{8BC9CEB8-8B4A-11D0-8D11-00A0C91BC942}") = "libCocosDenshion", "..\CocosDenshion\proj.win32\CocosDenshion.vcxproj", "{F8EDD7FA-9A51-4E80-BAEB-860825D2EAC6}"
EndProject
Project("{8BC9CEB8-8B4A-11D0-8D11-00A0C91BC942}") = "libExtensions", "..\extensions\proj.win32\libExtensions.vcxproj", "{21B2C324-891F-48EA-AD1A-5AE13DE12E28}"
EndProject
Project("{2150E333-8FDC-42A3-9474-1A3956D46DE8}") = "FKCWDepend", "FKCWDepend", "{44CBFCE0-6A43-447B-81CE-6FB63AC9DDBB}"
EndProject
Project("{2150E333-8FDC-42A3-9474-1A3956D46DE8}") = "Cocos2dx225", "Cocos2dx225", "{0FD8B47A-EE3B-4025-95BB-632B05F58F3E}"
EndProject
Project("{8BC9CEB8-8B4A-11D0-8D11-00A0C91BC942}") = "liblua", "..\scripting\lua\proj.win32\liblua.vcxproj", "{DDC3E27F-004D-4DD4-9DD3-931A013D2159}"
EndProject
Project("{2150E333-8FDC-42A3-9474-1A3956D46DE8}") = "FKCoreLib", "FKCoreLib", "{26B8D325-B82C-4708-8D59-9835A701770D}"
EndProject
Project("{2150E333-8FDC-42A3-9474-1A3956D46DE8}") = "Tools", "Tools", "{1FED39F6-B849-4675-AA8D-C5786556E367}"
EndProject
Project("{2150E333-8FDC-42A3-9474-1A3956D46DE8}") = "FKEngine", "FKEngine", "{79AC1811-FD80-4BB2-A288-56D37AF9AD9B}"
EndProject
Project("{8BC9CEB8-8B4A-11D0-8D11-00A0C91BC942}") = "FKEngine", "FKEngine\FKEngine.vcxproj", "{708CB979-FDEA-49F7-B7DF-0EDFAAB59E0D}"
EndProject
Project("{8BC9CEB8-8B4A-11D0-8D11-00A0C91BC942}") = "FKDBCocos2dxLib", "FKCoreLib\FKDBCocos2dxLib\FKDBCocos2dxLib.vcxproj", "{84747BB4-6178-4E80-A8CE-FE4EFFC52E9F}"
EndProject
Project("{8BC9CEB8-8B4A-11D0-8D11-00A0C91BC942}") = "FKDBLib", "FKCoreLib\FKDBLib\FKDBLib.vcxproj", "{5988D246-D139-4872-A540-F539B84B7CD5}"
EndProject
Project("{8BC9CEB8-8B4A-11D0-8D11-00A0C91BC942}") = "FKPicLib", "FKCoreLib\FKPicLib\FKPicLib.vcxproj", "{7F747A4D-A98D-479E-9C30-719983D58BE7}"
EndProject
Project("{8BC9CEB8-8B4A-11D0-8D11-00A0C91BC942}") = "png", "FKCWLib\FKCW_Depend\png\png.vcxproj", "{54A60AD7-560A-46ED-B213-DC8A5E8647A9}"
EndProject
Project("{8BC9CEB8-8B4A-11D0-8D11-00A0C91BC942}") = "yajl", "FKCWLib\FKCW_Depend\yajl\yajl.vcxproj", "{E90AD585-43BE-405A-B682-A14826B2A3C6}"
EndProject
Project("{8BC9CEB8-8B4A-11D0-8D11-00A0C91BC942}") = "FKCW_3D", "FKCWLib\FKCW_3D\FKCW_3D.vcxproj", "{6F0AB526-E66B-497D-B8D5-A1CF9DDFDB19}"
EndProject
Project("{8BC9CEB8-8B4A-11D0-8D11-00A0C91BC942}") = "FKCW_Action", "FKCWLib\FKCW_Action\FKCW_Action.vcxproj", "{B5651149-0E0D-4EDD-9F8E-1F169329F57B}"
EndProject
Project("{8BC9CEB8-8B4A-11D0-8D11-00A0C91BC942}") = "FKCW_Base", "FKCWLib\FKCW_Base\FKCW_Base.vcxproj", "{4CDA6B91-F5CB-4B93-8812-DFDC38E4C3C2}"
EndProject
Project("{8BC9CEB8-8B4A-11D0-8D11-00A0C91BC942}") = "FKCW_Database", "FKCWLib\FKCW_Database\FKCW_Database.vcxproj", "{A1E339D6-1302-461B-BC1D-7DDCACA2CD3E}"
EndProject
Project("{8BC9CEB8-8B4A-11D0-8D11-00A0C91BC942}") = "FKCW_EffectNode", "FKCWLib\FKCW_EffectNode\FKCW_EffectNode.vcxproj", "{EB155A8F-C386-4C50-8630-E2480A299915}"
EndProject
Project("{8BC9CEB8-8B4A-11D0-8D11-00A0C91BC942}") = "FKCW_Font", "FKCWLib\FKCW_Font\FKCW_Font.vcxproj", "{2FEB5D10-0DA1-47F2-9411-3BA01507E314}"
EndProject
Project("{8BC9CEB8-8B4A-11D0-8D11-00A0C91BC942}") = "FKCW_GR", "FKCWLib\FKCW_GR\FKCW_GR.vcxproj", "{87F0B05A-4EF4-4CED-9100-F48914FB3E95}"
EndProject
Project("{8BC9CEB8-8B4A-11D0-8D11-00A0C91BC942}") = "FKCW_IO", "FKCWLib\FKCW_IO\FKCW_IO.vcxproj", "{A4E01073-0EED-4B8C-A354-EA6B2D1EBFFA}"
EndProject
Project("{8BC9CEB8-8B4A-11D0-8D11-00A0C91BC942}") = "FKCW_Json", "FKCWLib\FKCW_Json\FKCW_Json.vcxproj", "{F35AB2C8-DAD2-422D-A576-12DEF0C50204}"
EndProject
Project("{8BC9CEB8-8B4A-11D0-8D11-00A0C91BC942}") = "FKCW_Network", "FKCWLib\FKCW_Network\FKCW_Network.vcxproj", "{B9DB19FC-5919-4951-8916-8AAA547219A9}"
EndProject
Project("{8BC9CEB8-8B4A-11D0-8D11-00A0C91BC942}") = "FKCW_Pixel", "FKCWLib\FKCW_Pixel\FKCW_Pixel.vcxproj", "{528E93F5-2478-4447-A1CE-2DC69147A0F1}"
EndProject
Project("{8BC9CEB8-8B4A-11D0-8D11-00A0C91BC942}") = "FKCW_RenderEx", "FKCWLib\FKCW_RenderEx\FKCW_RenderEx.vcxproj", "{E30720B4-3456-410C-A437-39A891D39B97}"
EndProject
Project("{8BC9CEB8-8B4A-11D0-8D11-00A0C91BC942}") = "FKCW_RichHtml", "FKCWLib\FKCW_RichHtml\FKCW_RichHtml.vcxproj", "{E722623E-D060-4D03-BABD-D79AC09C6BC4}"
EndProject
Project("{8BC9CEB8-8B4A-11D0-8D11-00A0C91BC942}") = "FKCW_SceneExMgr", "FKCWLib\FKCW_SceneExMgr\FKCW_SceneExMgr.vcxproj", "{41821C9E-26F7-4480-9571-63073F10E96C}"
EndProject
Project("{8BC9CEB8-8B4A-11D0-8D11-00A0C91BC942}") = "FKCW_Shader", "FKCWLib\FKCW_Shader\FKCW_Shader.vcxproj", "{353DEE34-4A49-430A-BDAA-08A72B1D6C5B}"
EndProject
Project("{8BC9CEB8-8B4A-11D0-8D11-00A0C91BC942}") = "FKCW_SimpleNet", "FKCWLib\FKCW_SimpleNet\FKCW_SimpleNet.vcxproj", "{CD44D540-6324-4DCD-B119-6F154F99E8DA}"
EndProject
Project("{8BC9CEB8-8B4A-11D0-8D11-00A0C91BC942}") = "FKCW_Story", "FKCWLib\FKCW_Story\FKCW_Story.vcxproj", "{CA7FD84D-4969-4F1D-BB55-7A4BDC4916B1}"
EndProject
Project("{8BC9CEB8-8B4A-11D0-8D11-00A0C91BC942}") = "FKCW_TMX", "FKCWLib\FKCW_TMX\FKCW_TMX.vcxproj", "{62AFDF9E-A268-4C78-BDB8-25C5309260B0}"
EndProject
Project("{8BC9CEB8-8B4A-11D0-8D11-00A0C91BC942}") = "FKCW_UI", "FKCWLib\FKCW_UI\FKCW_UI.vcxproj", "{3A0A8703-ED48-456D-9CB4-1D0220682A37}"
EndProject
Project("{8BC9CEB8-8B4A-11D0-8D11-00A0C91BC942}") = "FKCW_UIWidget", "FKCWLib\FKCW_UIWidget\FKCW_UIWidget.vcxproj", "{48AB75F0-06B9-4459-BACC-5ADA1B3A8727}"
EndProject
Project("{8BC9CEB8-8B4A-11D0-8D11-00A0C91BC942}") = "FKDBTool", "Tools\FKDBTool\FKDBTool.vcxproj", "{7C4EBC44-319F-4C94-99F2-30F0A713E6FA}"
EndProject
Project("{8BC9CEB8-8B4A-11D0-8D11-00A0C91BC942}") = "FKImageTool", "Tools\FKImageTool\FKImageTool.vcxproj", "{B8BF9E81-35FD-4582-BA1C-B85FA365BABB}"
EndProject
Project("{8BC9CEB8-8B4A-11D0-8D11-00A0C91BC942}") = "FKNetMsgSimTool", "Tools\FKNetMsgSimTool\FKNetMsgSimTool_Ex.vcxproj", "{065B99B4-5710-4B81-B857-7B022C4B34B8}"
EndProject
Project("{8BC9CEB8-8B4A-11D0-8D11-00A0C91BC942}") = "TestGame", "TestGame\proj.win32\TestGame.vcxproj", "{C74C0205-2DEE-4668-BFC9-A544B59C7A4B}"
EndProject
Project("{8BC9CEB8-8B4A-11D0-8D11-00A0C91BC942}") = "TestFKCW", "TestFKCW\proj.win32\TestFKCW.vcxproj", "{169BC07D-F0CB-4E19-BDF1-55C1CB68B93D}"
EndProject
Project("{8BC9CEB8-8B4A-11D0-8D11-00A0C91BC942}") = "Shiny", "FKCWLib\FKCW_Depend\Shiny\Shiny.vcxproj", "{D44CCFEB-7FC2-46E6-8290-E0B00D06A636}"
EndProject
Project("{8BC9CEB8-8B4A-11D0-8D11-00A0C91BC942}") = "FKCodeMgrTool", "Tools\FKCodeMgrTool\FKCodeMgrTool.vcxproj", "{F1719CB0-280A-4879-BF03-8F03D42FBB00}"
EndProject
Global
	GlobalSection(SolutionConfigurationPlatforms) = preSolution
		Debug|Win32 = Debug|Win32
		Release|Win32 = Release|Win32
	EndGlobalSection
	GlobalSection(ProjectConfigurationPlatforms) = postSolution
		{929480E7-23C0-4DF6-8456-096D71547116}.Debug|Win32.ActiveCfg = Debug|Win32
		{929480E7-23C0-4DF6-8456-096D71547116}.Debug|Win32.Build.0 = Debug|Win32
		{929480E7-23C0-4DF6-8456-096D71547116}.Release|Win32.ActiveCfg = Release|Win32
		{929480E7-23C0-4DF6-8456-096D71547116}.Release|Win32.Build.0 = Release|Win32
		{207BC7A9-CCF1-4F2F-A04D-45F72242AE25}.Debug|Win32.ActiveCfg = Debug|Win32
		{207BC7A9-CCF1-4F2F-A04D-45F72242AE25}.Debug|Win32.Build.0 = Debug|Win32
		{207BC7A9-CCF1-4F2F-A04D-45F72242AE25}.Release|Win32.ActiveCfg = Release|Win32
		{207BC7A9-CCF1-4F2F-A04D-45F72242AE25}.Release|Win32.Build.0 = Release|Win32
		{98A51BA8-FC3A-415B-AC8F-8C7BD464E93E}.Debug|Win32.ActiveCfg = Debug|Win32
		{98A51BA8-FC3A-415B-AC8F-8C7BD464E93E}.Debug|Win32.Build.0 = Debug|Win32
		{98A51BA8-FC3A-415B-AC8F-8C7BD464E93E}.Release|Win32.ActiveCfg = Release|Win32
		{98A51BA8-FC3A-415B-AC8F-8C7BD464E93E}.Release|Win32.Build.0 = Release|Win32
		{F8EDD7FA-9A51-4E80-BAEB-860825D2EAC6}.Debug|Win32.ActiveCfg = Debug|Win32
		{F8EDD7FA-9A51-4E80-BAEB-860825D2EAC6}.Debug|Win32.Build.0 = Debug|Win32
		{F8EDD7FA-9A51-4E80-BAEB-860825D2EAC6}.Release|Win32.ActiveCfg = Release|Win32
		{F8EDD7FA-9A51-4E80-BAEB-860825D2EAC6}.Release|Win32.Build.0 = Release|Win32
		{21B2C324-891F-48EA-AD1A-5AE13DE12E28}.Debug|Win32.ActiveCfg = Debug|Win32
		{21B2C324-891F-48EA-AD1A-5AE13DE12E28}.Debug|Win32.Build.0 = Debug|Win32
		{21B2C324-891F-48EA-AD1A-5AE13DE12E28}.Release|Win32.ActiveCfg = Release|Win32
		{21B2C324-891F-48EA-AD1A-5AE13DE12E28}.Release|Win32.Build.0 = Release|Win32
		{DDC3E27F-004D-4DD4-9DD3-931A013D2159}.Debug|Win32.ActiveCfg = Debug|Win32
		{DDC3E27F-004D-4DD4-9DD3-931A013D2159}.Debug|Win32.Build.0 = Debug|Win32
		{DDC3E27F-004D-4DD4-9DD3-931A013D2159}.Release|Win32.ActiveCfg = Release|Win32
		{DDC3E27F-004D-4DD4-9DD3-931A013D2159}.Release|Win32.Build.0 = Release|Win32
		{708CB979-FDEA-49F7-B7DF-0EDFAAB59E0D}.Debug|Win32.ActiveCfg = Debug|Win32
		{708CB979-FDEA-49F7-B7DF-0EDFAAB59E0D}.Debug|Win32.Build.0 = Debug|Win32
		{708CB979-FDEA-49F7-B7DF-0EDFAAB59E0D}.Release|Win32.ActiveCfg = Release|Win32
		{708CB979-FDEA-49F7-B7DF-0EDFAAB59E0D}.Release|Win32.Build.0 = Release|Win32
		{84747BB4-6178-4E80-A8CE-FE4EFFC52E9F}.Debug|Win32.ActiveCfg = Debug|Win32
		{84747BB4-6178-4E80-A8CE-FE4EFFC52E9F}.Debug|Win32.Build.0 = Debug|Win32
		{84747BB4-6178-4E80-A8CE-FE4EFFC52E9F}.Release|Win32.ActiveCfg = Release|Win32
		{84747BB4-6178-4E80-A8CE-FE4EFFC52E9F}.Release|Win32.Build.0 = Release|Win32
		{5988D246-D139-4872-A540-F539B84B7CD5}.Debug|Win32.ActiveCfg = Debug|Win32
		{5988D246-D139-4872-A540-F539B84B7CD5}.Debug|Win32.Build.0 = Debug|Win32
		{5988D246-D139-4872-A540-F539B84B7CD5}.Release|Win32.ActiveCfg = Release|Win32
		{5988D246-D139-4872-A540-F539B84B7CD5}.Release|Win32.Build.0 = Release|Win32
		{7F747A4D-A98D-479E-9C30-719983D58BE7}.Debug|Win32.ActiveCfg = Debug|Win32
		{7F747A4D-A98D-479E-9C30-719983D58BE7}.Debug|Win32.Build.0 = Debug|Win32
		{7F747A4D-A98D-479E-9C30-719983D58BE7}.Release|Win32.ActiveCfg = Release|Win32
		{7F747A4D-A98D-479E-9C30-719983D58BE7}.Release|Win32.Build.0 = Release|Win32
		{54A60AD7-560A-46ED-B213-DC8A5E8647A9}.Debug|Win32.ActiveCfg = Debug|Win32
		{54A60AD7-560A-46ED-B213-DC8A5E8647A9}.Debug|Win32.Build.0 = Debug|Win32
		{54A60AD7-560A-46ED-B213-DC8A5E8647A9}.Release|Win32.ActiveCfg = Release|Win32
		{54A60AD7-560A-46ED-B213-DC8A5E8647A9}.Release|Win32.Build.0 = Release|Win32
		{E90AD585-43BE-405A-B682-A14826B2A3C6}.Debug|Win32.ActiveCfg = Debug|Win32
		{E90AD585-43BE-405A-B682-A14826B2A3C6}.Debug|Win32.Build.0 = Debug|Win32
		{E90AD585-43BE-405A-B682-A14826B2A3C6}.Release|Win32.ActiveCfg = Release|Win32
		{E90AD585-43BE-405A-B682-A14826B2A3C6}.Release|Win32.Build.0 = Release|Win32
		{6F0AB526-E66B-497D-B8D5-A1CF9DDFDB19}.Debug|Win32.ActiveCfg = Debug|Win32
		{6F0AB526-E66B-497D-B8D5-A1CF9DDFDB19}.Debug|Win32.Build.0 = Debug|Win32
		{6F0AB526-E66B-497D-B8D5-A1CF9DDFDB19}.Release|Win32.ActiveCfg = Release|Win32
		{6F0AB526-E66B-497D-B8D5-A1CF9DDFDB19}.Release|Win32.Build.0 = Release|Win32
		{B5651149-0E0D-4EDD-9F8E-1F169329F57B}.Debug|Win32.ActiveCfg = Debug|Win32
		{B5651149-0E0D-4EDD-9F8E-1F169329F57B}.Debug|Win32.Build.0 = Debug|Win32
		{B5651149-0E0D-4EDD-9F8E-1F169329F57B}.Release|Win32.ActiveCfg = Release|Win32
		{B5651149-0E0D-4EDD-9F8E-1F169329F57B}.Release|Win32.Build.0 = Release|Win32
		{4CDA6B91-F5CB-4B93-8812-DFDC38E4C3C2}.Debug|Win32.ActiveCfg = Debug|Win32
		{4CDA6B91-F5CB-4B93-8812-DFDC38E4C3C2}.Debug|Win32.Build.0 = Debug|Win32
		{4CDA6B91-F5CB-4B93-8812-DFDC38E4C3C2}.Release|Win32.ActiveCfg = Release|Win32
		{4CDA6B91-F5CB-4B93-8812-DFDC38E4C3C2}.Release|Win32.Build.0 = Release|Win32
		{A1E339D6-1302-461B-BC1D-7DDCACA2CD3E}.Debug|Win32.ActiveCfg = Debug|Win32
		{A1E339D6-1302-461B-BC1D-7DDCACA2CD3E}.Debug|Win32.Build.0 = Debug|Win32
		{A1E339D6-1302-461B-BC1D-7DDCACA2CD3E}.Release|Win32.ActiveCfg = Release|Win32
		{A1E339D6-1302-461B-BC1D-7DDCACA2CD3E}.Release|Win32.Build.0 = Release|Win32
		{EB155A8F-C386-4C50-8630-E2480A299915}.Debug|Win32.ActiveCfg = Debug|Win32
		{EB155A8F-C386-4C50-8630-E2480A299915}.Debug|Win32.Build.0 = Debug|Win32
		{EB155A8F-C386-4C50-8630-E2480A299915}.Release|Win32.ActiveCfg = Release|Win32
		{EB155A8F-C386-4C50-8630-E2480A299915}.Release|Win32.Build.0 = Release|Win32
		{2FEB5D10-0DA1-47F2-9411-3BA01507E314}.Debug|Win32.ActiveCfg = Debug|Win32
		{2FEB5D10-0DA1-47F2-9411-3BA01507E314}.Debug|Win32.Build.0 = Debug|Win32
		{2FEB5D10-0DA1-47F2-9411-3BA01507E314}.Release|Win32.ActiveCfg = Release|Win32
		{2FEB5D10-0DA1-47F2-9411-3BA01507E314}.Release|Win32.Build.0 = Release|Win32
		{87F0B05A-4EF4-4CED-9100-F48914FB3E95}.Debug|Win32.ActiveCfg = Debug|Win32
		{87F0B05A-4EF4-4CED-9100-F48914FB3E95}.Debug|Win32.Build.0 = Debug|Win32
		{87F0B05A-4EF4-4CED-9100-F48914FB3E95}.Release|Win32.ActiveCfg = Release|Win32
		{87F0B05A-4EF4-4CED-9100-F48914FB3E95}.Release|Win32.Build.0 = Release|Win32
		{A4E01073-0EED-4B8C-A354-EA6B2D1EBFFA}.Debug|Win32.ActiveCfg = Debug|Win32
		{A4E01073-0EED-4B8C-A354-EA6B2D1EBFFA}.Debug|Win32.Build.0 = Debug|Win32
		{A4E01073-0EED-4B8C-A354-EA6B2D1EBFFA}.Release|Win32.ActiveCfg = Release|Win32
		{A4E01073-0EED-4B8C-A354-EA6B2D1EBFFA}.Release|Win32.Build.0 = Release|Win32
		{F35AB2C8-DAD2-422D-A576-12DEF0C50204}.Debug|Win32.ActiveCfg = Debug|Win32
		{F35AB2C8-DAD2-422D-A576-12DEF0C50204}.Debug|Win32.Build.0 = Debug|Win32
		{F35AB2C8-DAD2-422D-A576-12DEF0C50204}.Release|Win32.ActiveCfg = Release|Win32
		{F35AB2C8-DAD2-422D-A576-12DEF0C50204}.Release|Win32.Build.0 = Release|Win32
		{B9DB19FC-5919-4951-8916-8AAA547219A9}.Debug|Win32.ActiveCfg = Debug|Win32
		{B9DB19FC-5919-4951-8916-8AAA547219A9}.Debug|Win32.Build.0 = Debug|Win32
		{B9DB19FC-5919-4951-8916-8AAA547219A9}.Release|Win32.ActiveCfg = Release|Win32
		{B9DB19FC-5919-4951-8916-8AAA547219A9}.Release|Win32.Build.0 = Release|Win32
		{528E93F5-2478-4447-A1CE-2DC69147A0F1}.Debug|Win32.ActiveCfg = Debug|Win32
		{528E93F5-2478-4447-A1CE-2DC69147A0F1}.Debug|Win32.Build.0 = Debug|Win32
		{528E93F5-2478-4447-A1CE-2DC69147A0F1}.Release|Win32.ActiveCfg = Release|Win32
		{528E93F5-2478-4447-A1CE-2DC69147A0F1}.Release|Win32.Build.0 = Release|Win32
		{E30720B4-3456-410C-A437-39A891D39B97}.Debug|Win32.ActiveCfg = Debug|Win32
		{E30720B4-3456-410C-A437-39A891D39B97}.Debug|Win32.Build.0 = Debug|Win32
		{E30720B4-3456-410C-A437-39A891D39B97}.Release|Win32.ActiveCfg = Release|Win32
		{E30720B4-3456-410C-A437-39A891D39B97}.Release|Win32.Build.0 = Release|Win32
		{E722623E-D060-4D03-BABD-D79AC09C6BC4}.Debug|Win32.ActiveCfg = Debug|Win32
		{E722623E-D060-4D03-BABD-D79AC09C6BC4}.Debug|Win32.Build.0 = Debug|Win32
		{E722623E-D060-4D03-BABD-D79AC09C6BC4}.Release|Win32.ActiveCfg = Release|Win32
		{E722623E-D060-4D03-BABD-D79AC09C6BC4}.Release|Win32.Build.0 = Release|Win32
		{41821C9E-26F7-4480-9571-63073F10E96C}.Debug|Win32.ActiveCfg = Debug|Win32
		{41821C9E-26F7-4480-9571-63073F10E96C}.Debug|Win32.Build.0 = Debug|Win32
		{41821C9E-26F7-4480-9571-63073F10E96C}.Release|Win32.ActiveCfg = Release|Win32
		{41821C9E-26F7-4480-9571-63073F10E96C}.Release|Win32.Build.0 = Release|Win32
		{353DEE34-4A49-430A-BDAA-08A72B1D6C5B}.Debug|Win32.ActiveCfg = Debug|Win32
		{353DEE34-4A49-430A-BDAA-08A72B1D6C5B}.Debug|Win32.Build.0 = Debug|Win32
		{353DEE34-4A49-430A-BDAA-08A72B1D6C5B}.Release|Win32.ActiveCfg = Release|Win32
		{353DEE34-4A49-430A-BDAA-08A72B1D6C5B}.Release|Win32.Build.0 = Release|Win32
		{CD44D540-6324-4DCD-B119-6F154F99E8DA}.Debug|Win32.ActiveCfg = Debug|Win32
		{CD44D540-6324-4DCD-B119-6F154F99E8DA}.Debug|Win32.Build.0 = Debug|Win32
		{CD44D540-6324-4DCD-B119-6F154F99E8DA}.Release|Win32.ActiveCfg = Release|Win32
		{CD44D540-6324-4DCD-B119-6F154F99E8DA}.Release|Win32.Build.0 = Release|Win32
		{CA7FD84D-4969-4F1D-BB55-7A4BDC4916B1}.Debug|Win32.ActiveCfg = Debug|Win32
		{CA7FD84D-4969-4F1D-BB55-7A4BDC4916B1}.Debug|Win32.Build.0 = Debug|Win32
		{CA7FD84D-4969-4F1D-BB55-7A4BDC4916B1}.Release|Win32.ActiveCfg = Release|Win32
		{CA7FD84D-4969-4F1D-BB55-7A4BDC4916B1}.Release|Win32.Build.0 = Release|Win32
		{62AFDF9E-A268-4C78-BDB8-25C5309260B0}.Debug|Win32.ActiveCfg = Debug|Win32
		{62AFDF9E-A268-4C78-BDB8-25C5309260B0}.Debug|Win32.Build.0 = Debug|Win32
		{62AFDF9E-A268-4C78-BDB8-25C5309260B0}.Release|Win32.ActiveCfg = Release|Win32
		{62AFDF9E-A268-4C78-BDB8-25C5309260B0}.Release|Win32.Build.0 = Release|Win32
		{3A0A8703-ED48-456D-9CB4-1D0220682A37}.Debug|Win32.ActiveCfg = Debug|Win32
		{3A0A8703-ED48-456D-9CB4-1D0220682A37}.Debug|Win32.Build.0 = Debug|Win32
		{3A0A8703-ED48-456D-9CB4-1D0220682A37}.Release|Win32.ActiveCfg = Release|Win32
		{3A0A8703-ED48-456D-9CB4-1D0220682A37}.Release|Win32.Build.0 = Release|Win32
		{48AB75F0-06B9-4459-BACC-5ADA1B3A8727}.Debug|Win32.ActiveCfg = Debug|Win32
		{48AB75F0-06B9-4459-BACC-5ADA1B3A8727}.Debug|Win32.Build.0 = Debug|Win32
		{48AB75F0-06B9-4459-BACC-5ADA1B3A8727}.Release|Win32.ActiveCfg = Release|Win32
		{48AB75F0-06B9-4459-BACC-5ADA1B3A8727}.Release|Win32.Build.0 = Release|Win32
		{7C4EBC44-319F-4C94-99F2-30F0A713E6FA}.Debug|Win32.ActiveCfg = Debug|Win32
		{7C4EBC44-319F-4C94-99F2-30F0A713E6FA}.Debug|Win32.Build.0 = Debug|Win32
		{7C4EBC44-319F-4C94-99F2-30F0A713E6FA}.Release|Win32.ActiveCfg = Release|Win32
		{7C4EBC44-319F-4C94-99F2-30F0A713E6FA}.Release|Win32.Build.0 = Release|Win32
		{B8BF9E81-35FD-4582-BA1C-B85FA365BABB}.Debug|Win32.ActiveCfg = Debug|Win32
		{B8BF9E81-35FD-4582-BA1C-B85FA365BABB}.Debug|Win32.Build.0 = Debug|Win32
		{B8BF9E81-35FD-4582-BA1C-B85FA365BABB}.Release|Win32.ActiveCfg = Release|Win32
		{B8BF9E81-35FD-4582-BA1C-B85FA365BABB}.Release|Win32.Build.0 = Release|Win32
		{065B99B4-5710-4B81-B857-7B022C4B34B8}.Debug|Win32.ActiveCfg = Debug|Win32
		{065B99B4-5710-4B81-B857-7B022C4B34B8}.Debug|Win32.Build.0 = Debug|Win32
		{065B99B4-5710-4B81-B857-7B022C4B34B8}.Release|Win32.ActiveCfg = Release|Win32
		{065B99B4-5710-4B81-B857-7B022C4B34B8}.Release|Win32.Build.0 = Release|Win32
		{C74C0205-2DEE-4668-BFC9-A544B59C7A4B}.Debug|Win32.ActiveCfg = Debug|Win32
		{C74C0205-2DEE-4668-BFC9-A544B59C7A4B}.Debug|Win32.Build.0 = Debug|Win32
		{C74C0205-2DEE-4668-BFC9-A544B59C7A4B}.Release|Win32.ActiveCfg = Release|Win32
		{C74C0205-2DEE-4668-BFC9-A544B59C7A4B}.Release|Win32.Build.0 = Release|Win32
		{169BC07D-F0CB-4E19-BDF1-55C1CB68B93D}.Debug|Win32.ActiveCfg = Debug|Win32
		{169BC07D-F0CB-4E19-BDF1-55C1CB68B93D}.Debug|Win32.Build.0 = Debug|Win32
		{169BC07D-F0CB-4E19-BDF1-55C1CB68B93D}.Release|Win32.ActiveCfg = Release|Win32
		{169BC07D-F0CB-4E19-BDF1-55C1CB68B93D}.Release|Win32.Build.0 = Release|Win32
		{D44CCFEB-7FC2-46E6-8290-E0B00D06A636}.Debug|Win32.ActiveCfg = Debug|Win32
		{D44CCFEB-7FC2-46E6-8290-E0B00D06A636}.Debug|Win32.Build.0 = Debug|Win32
		{D44CCFEB-7FC2-46E6-8290-E0B00D06A636}.Release|Win32.ActiveCfg = Release|Win32
		{D44CCFEB-7FC2-46E6-8290-E0B00D06A636}.Release|Win32.Build.0 = Release|Win32
		{F1719CB0-280A-4879-BF03-8F03D42FBB00}.Debug|Win32.ActiveCfg = Debug|Win32
		{F1719CB0-280A-4879-BF03-8F03D42FBB00}.Debug|Win32.Build.0 = Debug|Win32
		{F1719CB0-280A-4879-BF03-8F03D42FBB00}.Release|Win32.ActiveCfg = Release|Win32
		{F1719CB0-280A-4879-BF03-8F03D42FBB00}.Release|Win32.Build.0 = Release|Win32
	EndGlobalSection
	GlobalSection(SolutionProperties) = preSolution
		HideSolutionNode = FALSE
	EndGlobalSection
	GlobalSection(NestedProjects) = preSolution
		{C74C0205-2DEE-4668-BFC9-A544B59C7A4B} = {465A1A74-1735-45F7-A270-7CE655ACC02E}
		{169BC07D-F0CB-4E19-BDF1-55C1CB68B93D} = {465A1A74-1735-45F7-A270-7CE655ACC02E}
		{6F0AB526-E66B-497D-B8D5-A1CF9DDFDB19} = {29949495-461E-44CF-9401-A1EF04D3FB22}
		{B5651149-0E0D-4EDD-9F8E-1F169329F57B} = {29949495-461E-44CF-9401-A1EF04D3FB22}
		{4CDA6B91-F5CB-4B93-8812-DFDC38E4C3C2} = {29949495-461E-44CF-9401-A1EF04D3FB22}
		{A1E339D6-1302-461B-BC1D-7DDCACA2CD3E} = {29949495-461E-44CF-9401-A1EF04D3FB22}
		{EB155A8F-C386-4C50-8630-E2480A299915} = {29949495-461E-44CF-9401-A1EF04D3FB22}
		{2FEB5D10-0DA1-47F2-9411-3BA01507E314} = {29949495-461E-44CF-9401-A1EF04D3FB22}
		{87F0B05A-4EF4-4CED-9100-F48914FB3E95} = {29949495-461E-44CF-9401-A1EF04D3FB22}
		{A4E01073-0EED-4B8C-A354-EA6B2D1EBFFA} = {29949495-461E-44CF-9401-A1EF04D3FB22}
		{F35AB2C8-DAD2-422D-A576-12DEF0C50204} = {29949495-461E-44CF-9401-A1EF04D3FB22}
		{B9DB19FC-5919-4951-8916-8AAA547219A9} = {29949495-461E-44CF-9401-A1EF04D3FB22}
		{528E93F5-2478-4447-A1CE-2DC69147A0F1} = {29949495-461E-44CF-9401-A1EF04D3FB22}
		{E30720B4-3456-410C-A437-39A891D39B97} = {29949495-461E-44CF-9401-A1EF04D3FB22}
		{E722623E-D060-4D03-BABD-D79AC09C6BC4} = {29949495-461E-44CF-9401-A1EF04D3FB22}
		{41821C9E-26F7-4480-9571-63073F10E96C} = {29949495-461E-44CF-9401-A1EF04D3FB22}
		{353DEE34-4A49-430A-BDAA-08A72B1D6C5B} = {29949495-461E-44CF-9401-A1EF04D3FB22}
		{CD44D540-6324-4DCD-B119-6F154F99E8DA} = {29949495-461E-44CF-9401-A1EF04D3FB22}
		{CA7FD84D-4969-4F1D-BB55-7A4BDC4916B1} = {29949495-461E-44CF-9401-A1EF04D3FB22}
		{62AFDF9E-A268-4C78-BDB8-25C5309260B0} = {29949495-461E-44CF-9401-A1EF04D3FB22}
		{3A0A8703-ED48-456D-9CB4-1D0220682A37} = {29949495-461E-44CF-9401-A1EF04D3FB22}
		{48AB75F0-06B9-4459-BACC-5ADA1B3A8727} = {29949495-461E-44CF-9401-A1EF04D3FB22}
		{207BC7A9-CCF1-4F2F-A04D-45F72242AE25} = {0FD8B47A-EE3B-4025-95BB-632B05F58F3E}
		{98A51BA8-FC3A-415B-AC8F-8C7BD464E93E} = {0FD8B47A-EE3B-4025-95BB-632B05F58F3E}
		{F8EDD7FA-9A51-4E80-BAEB-860825D2EAC6} = {0FD8B47A-EE3B-4025-95BB-632B05F58F3E}
		{21B2C324-891F-48EA-AD1A-5AE13DE12E28} = {0FD8B47A-EE3B-4025-95BB-632B05F58F3E}
		{929480E7-23C0-4DF6-8456-096D71547116} = {0FD8B47A-EE3B-4025-95BB-632B05F58F3E}
		{DDC3E27F-004D-4DD4-9DD3-931A013D2159} = {0FD8B47A-EE3B-4025-95BB-632B05F58F3E}
		{54A60AD7-560A-46ED-B213-DC8A5E8647A9} = {44CBFCE0-6A43-447B-81CE-6FB63AC9DDBB}
		{E90AD585-43BE-405A-B682-A14826B2A3C6} = {44CBFCE0-6A43-447B-81CE-6FB63AC9DDBB}
		{D44CCFEB-7FC2-46E6-8290-E0B00D06A636} = {44CBFCE0-6A43-447B-81CE-6FB63AC9DDBB}
		{84747BB4-6178-4E80-A8CE-FE4EFFC52E9F} = {26B8D325-B82C-4708-8D59-9835A701770D}
		{5988D246-D139-4872-A540-F539B84B7CD5} = {26B8D325-B82C-4708-8D59-9835A701770D}
		{7F747A4D-A98D-479E-9C30-719983D58BE7} = {26B8D325-B82C-4708-8D59-9835A701770D}
		{7C4EBC44-319F-4C94-99F2-30F0A713E6FA} = {1FED39F6-B849-4675-AA8D-C5786556E367}
		{B8BF9E81-35FD-4582-BA1C-B85FA365BABB} = {1FED39F6-B849-4675-AA8D-C5786556E367}
		{065B99B4-5710-4B81-B857-7B022C4B34B8} = {1FED39F6-B849-4675-AA8D-C5786556E367}
		{F1719CB0-280A-4879-BF03-8F03D42FBB00} = {1FED39F6-B849-4675-AA8D-C5786556E367}
		{708CB979-FDEA-49F7-B7DF-0EDFAAB59E0D} = {79AC1811-FD80-4BB2-A288-56D37AF9AD9B}
	EndGlobalSection
EndGlobal
