<?xml version="1.0" encoding="utf-8"?>
<Project ToolsVersion="4.0" xmlns="http://schemas.microsoft.com/developer/msbuild/2003">
  <ItemGroup>
    <Filter Include="源文件">
      <UniqueIdentifier>{4FC737F1-C7A5-4376-A066-2A32D752A2FF}</UniqueIdentifier>
      <Extensions>cpp;c;cc;cxx;def;odl;idl;hpj;bat;asm;asmx</Extensions>
    </Filter>
    <Filter Include="头文件">
      <UniqueIdentifier>{93995380-89BD-4b04-88EB-625FBE52EBFB}</UniqueIdentifier>
      <Extensions>h;hpp;hxx;hm;inl;inc;xsd</Extensions>
    </Filter>
    <Filter Include="源文件\文件加载器">
      <UniqueIdentifier>{2614f6b2-0180-4b03-99be-6b0fab3382dd}</UniqueIdentifier>
    </Filter>
    <Filter Include="头文件\文件加载器">
      <UniqueIdentifier>{ed4e833b-93d4-4ac9-bf7d-92c91ebf118f}</UniqueIdentifier>
    </Filter>
  </ItemGroup>
  <ItemGroup>
    <ClInclude Include="Include\FKCW_3D_Node.h">
      <Filter>头文件</Filter>
    </ClInclude>
    <ClInclude Include="FKCW_3D.h" />
    <ClInclude Include="Include\FKCW_3D_Vector.h">
      <Filter>头文件</Filter>
    </ClInclude>
    <ClInclude Include="Include\FKCW_3D_Matrix4.h">
      <Filter>头文件</Filter>
    </ClInclude>
    <ClInclude Include="Include\FKCW_3D_CommonFunc.h">
      <Filter>头文件</Filter>
    </ClInclude>
    <ClInclude Include="Include\FKCW_3D_Math.h">
      <Filter>头文件</Filter>
    </ClInclude>
    <ClInclude Include="Include\FKCW_3D_GLMath.h">
      <Filter>头文件</Filter>
    </ClInclude>
    <ClInclude Include="Include\FKCW_3D_IndexVBO3D.h">
      <Filter>头文件</Filter>
    </ClInclude>
    <ClInclude Include="Include\FKCW_3D_IDTriangle.h">
      <Filter>头文件</Filter>
    </ClInclude>
    <ClInclude Include="Include\FKCW_3D_DefaultPrograms.h">
      <Filter>头文件</Filter>
    </ClInclude>
    <ClInclude Include="Include\FKCW_3D_Programs.h">
      <Filter>头文件</Filter>
    </ClInclude>
    <ClInclude Include="Include\FKCW_3D_Material.h">
      <Filter>头文件</Filter>
    </ClInclude>
    <ClInclude Include="Include\FKCW_3D_MatStackInfoGetor.h">
      <Filter>头文件</Filter>
    </ClInclude>
    <ClInclude Include="Include\FKCW_3D_Range.h">
      <Filter>头文件</Filter>
    </ClInclude>
    <ClInclude Include="Include\FKCW_3D_Camera.h">
      <Filter>头文件</Filter>
    </ClInclude>
    <ClInclude Include="Include\FKCW_3D_SubMeshData.h">
      <Filter>头文件</Filter>
    </ClInclude>
    <ClInclude Include="Include\FKCW_3D_SubMesh.h">
      <Filter>头文件</Filter>
    </ClInclude>
    <ClInclude Include="Include\FKCW_3D_DefaultPassUniformCallback.h">
      <Filter>头文件</Filter>
    </ClInclude>
    <ClInclude Include="Include\FKCW_3D_LightSource.h">
      <Filter>头文件</Filter>
    </ClInclude>
    <ClInclude Include="Include\FKCW_3D_Mesh.h">
      <Filter>头文件</Filter>
    </ClInclude>
    <ClInclude Include="Include\FKCW_3D_Model.h">
      <Filter>头文件</Filter>
    </ClInclude>
    <ClInclude Include="Include\FKCW_3D_DefaultMeshes.h">
      <Filter>头文件</Filter>
    </ClInclude>
    <ClInclude Include="Include\FKCW_3D_Root.h">
      <Filter>头文件</Filter>
    </ClInclude>
    <ClInclude Include="Include\FKCW_3D_Actor.h">
      <Filter>头文件</Filter>
    </ClInclude>
    <ClInclude Include="Include\FKCW_3D_FKSimpleModelLoader.h">
      <Filter>头文件\文件加载器</Filter>
    </ClInclude>
    <ClInclude Include="Include\FKCW_3D_Macro.h">
      <Filter>头文件</Filter>
    </ClInclude>
  </ItemGroup>
  <ItemGroup>
    <ClCompile Include="Source\FKCW_3D_Vector.cpp">
      <Filter>源文件</Filter>
    </ClCompile>
    <ClCompile Include="Source\FKCW_3D_Matrix4.cpp">
      <Filter>源文件</Filter>
    </ClCompile>
    <ClCompile Include="Source\FKCW_3D_Math.cpp">
      <Filter>源文件</Filter>
    </ClCompile>
    <ClCompile Include="Source\FKCW_3D_GLMath.cpp">
      <Filter>源文件</Filter>
    </ClCompile>
    <ClCompile Include="Source\FKCW_3D_IndexVBO3D.cpp">
      <Filter>源文件</Filter>
    </ClCompile>
    <ClCompile Include="Source\FKCW_3D_Macro.cpp">
      <Filter>源文件</Filter>
    </ClCompile>
    <ClCompile Include="Source\FKCW_3D_IDTriangle.cpp">
      <Filter>源文件</Filter>
    </ClCompile>
    <ClCompile Include="Source\FKCW_3D_Programs.cpp">
      <Filter>源文件</Filter>
    </ClCompile>
    <ClCompile Include="Source\FKCW_3D_DefaultPrograms.cpp">
      <Filter>源文件</Filter>
    </ClCompile>
    <ClCompile Include="Source\FKCW_3D_Material.cpp">
      <Filter>源文件</Filter>
    </ClCompile>
    <ClCompile Include="Source\FKCW_3D_MatStackInfoGetor.cpp">
      <Filter>源文件</Filter>
    </ClCompile>
    <ClCompile Include="Source\FKCW_3D_Range.cpp">
      <Filter>源文件</Filter>
    </ClCompile>
    <ClCompile Include="Source\FKCW_3D_Camera.cpp">
      <Filter>源文件</Filter>
    </ClCompile>
    <ClCompile Include="Source\FKCW_3D_SubMeshData.cpp">
      <Filter>源文件</Filter>
    </ClCompile>
    <ClCompile Include="Source\FKCW_3D_DefaultPassUniformCallback.cpp">
      <Filter>源文件</Filter>
    </ClCompile>
    <ClCompile Include="Source\FKCW_3D_Node.cpp">
      <Filter>源文件</Filter>
    </ClCompile>
    <ClCompile Include="Source\FKCW_3D_LightSource.cpp">
      <Filter>源文件</Filter>
    </ClCompile>
    <ClCompile Include="Source\FKCW_3D_SubMesh.cpp">
      <Filter>源文件</Filter>
    </ClCompile>
    <ClCompile Include="Source\FKCW_3D_Mesh.cpp">
      <Filter>源文件</Filter>
    </ClCompile>
    <ClCompile Include="Source\FKCW_3D_Model.cpp">
      <Filter>源文件</Filter>
    </ClCompile>
    <ClCompile Include="Source\FKCW_3D_DefaultMeshes.cpp">
      <Filter>源文件</Filter>
    </ClCompile>
    <ClCompile Include="Source\FKCW_3D_Root.cpp">
      <Filter>源文件</Filter>
    </ClCompile>
    <ClCompile Include="Source\FKCW_3D_Actor.cpp">
      <Filter>源文件</Filter>
    </ClCompile>
    <ClCompile Include="Source\FKCW_3D_FKSimpleModelLoader.cpp">
      <Filter>源文件\文件加载器</Filter>
    </ClCompile>
  </ItemGroup>
</Project>