<?xml version="1.0" encoding="utf-8"?>
<Project ToolsVersion="4.0" xmlns="http://schemas.microsoft.com/developer/msbuild/2003">
  <ItemGroup>
    <Filter Include="源文件">
      <UniqueIdentifier>{4FC737F1-C7A5-4376-A066-2A32D752A2FF}</UniqueIdentifier>
      <Extensions>cpp;c;cc;cxx;def;odl;idl;hpj;bat;asm;asmx</Extensions>
    </Filter>
    <Filter Include="头文件">
      <UniqueIdentifier>{93995380-89BD-4b04-88EB-625FBE52EBFB}</UniqueIdentifier>
      <Extensions>h;hpp;hxx;hm;inl;inc;xsd</Extensions>
    </Filter>
  </ItemGroup>
  <ItemGroup>
    <ClInclude Include="include\yajl_common.h">
      <Filter>头文件</Filter>
    </ClInclude>
    <ClInclude Include="include\yajl_gen.h">
      <Filter>头文件</Filter>
    </ClInclude>
    <ClInclude Include="include\yajl_parse.h">
      <Filter>头文件</Filter>
    </ClInclude>
    <ClInclude Include="include\yajl_tree.h">
      <Filter>头文件</Filter>
    </ClInclude>
    <ClInclude Include="include\yajl_version.h">
      <Filter>头文件</Filter>
    </ClInclude>
    <ClInclude Include="src\yajl_alloc.h">
      <Filter>源文件</Filter>
    </ClInclude>
    <ClInclude Include="src\yajl_buf.h">
      <Filter>源文件</Filter>
    </ClInclude>
    <ClInclude Include="src\yajl_bytestack.h">
      <Filter>源文件</Filter>
    </ClInclude>
    <ClInclude Include="src\yajl_encode.h">
      <Filter>源文件</Filter>
    </ClInclude>
    <ClInclude Include="src\yajl_lex.h">
      <Filter>源文件</Filter>
    </ClInclude>
    <ClInclude Include="src\yajl_parser.h">
      <Filter>源文件</Filter>
    </ClInclude>
  </ItemGroup>
  <ItemGroup>
    <ClCompile Include="src\yajl.c">
      <Filter>源文件</Filter>
    </ClCompile>
    <ClCompile Include="src\yajl_alloc.c">
      <Filter>源文件</Filter>
    </ClCompile>
    <ClCompile Include="src\yajl_buf.c">
      <Filter>源文件</Filter>
    </ClCompile>
    <ClCompile Include="src\yajl_encode.c">
      <Filter>源文件</Filter>
    </ClCompile>
    <ClCompile Include="src\yajl_gen.c">
      <Filter>源文件</Filter>
    </ClCompile>
    <ClCompile Include="src\yajl_lex.c">
      <Filter>源文件</Filter>
    </ClCompile>
    <ClCompile Include="src\yajl_parser.c">
      <Filter>源文件</Filter>
    </ClCompile>
    <ClCompile Include="src\yajl_tree.c">
      <Filter>源文件</Filter>
    </ClCompile>
    <ClCompile Include="src\yajl_version.c">
      <Filter>源文件</Filter>
    </ClCompile>
  </ItemGroup>
</Project>