<?xml version="1.0" encoding="utf-8"?>
<Project ToolsVersion="4.0" xmlns="http://schemas.microsoft.com/developer/msbuild/2003">
  <ItemGroup>
    <ClCompile Include="AppDelegate.cpp" />
    <ClCompile Include="BaseScene.cpp" />
    <ClCompile Include="main.cpp" />
  </ItemGroup>
  <ItemGroup>
    <ClInclude Include="AppDelegate.h" />
    <ClInclude Include="BaseScene.h" />
    <ClInclude Include="main.h" />
    <ClInclude Include="Resource.h" />
    <ClInclude Include="resource1.h">
      <Filter>Res</Filter>
    </ClInclude>
  </ItemGroup>
  <ItemGroup>
    <Filter Include="Res">
      <UniqueIdentifier>{f7433dfc-a7dd-48eb-9444-42cc8b525290}</UniqueIdentifier>
    </Filter>
  </ItemGroup>
  <ItemGroup>
    <Image Include="carrot.ico">
      <Filter>Res</Filter>
    </Image>
  </ItemGroup>
  <ItemGroup>
    <ResourceCompile Include="FKImageTool.rc">
      <Filter>Res</Filter>
    </ResourceCompile>
  </ItemGroup>
</Project>