<?xml version="1.0" encoding="utf-8"?>
<Project ToolsVersion="4.0" xmlns="http://schemas.microsoft.com/developer/msbuild/2003">
  <ItemGroup>
    <ClCompile Include="Source\FKCW_IO_MemoryInputStream.cpp">
      <Filter>源文件</Filter>
    </ClCompile>
    <ClCompile Include="Source\FKCW_IO_AssetInputStream.cpp">
      <Filter>源文件</Filter>
    </ClCompile>
    <ClCompile Include="Source\FKCW_IO_AssetOutputStream.cpp">
      <Filter>源文件</Filter>
    </ClCompile>
    <ClCompile Include="Source\FKCW_IO_MemoryOutputStream.cpp">
      <Filter>源文件</Filter>
    </ClCompile>
    <ClCompile Include="Platform\FKCW_IO_AssetOutputStream_Win.cpp">
      <Filter>Platform</Filter>
    </ClCompile>
    <ClCompile Include="Platform\FKCW_IO_AssetInputStream_android.cpp">
      <Filter>Platform</Filter>
    </ClCompile>
  </ItemGroup>
  <ItemGroup>
    <ClInclude Include="Include\FKCW_IO_AssetInputStream.h">
      <Filter>头文件</Filter>
    </ClInclude>
    <ClInclude Include="Include\FKCW_IO_AssetOutputStream.h">
      <Filter>头文件</Filter>
    </ClInclude>
    <ClInclude Include="Include\FKCW_IO_MemoryInputStream.h">
      <Filter>头文件</Filter>
    </ClInclude>
    <ClInclude Include="Include\FKCW_IO_MemoryOutputStream.h">
      <Filter>头文件</Filter>
    </ClInclude>
    <ClInclude Include="FKCW_IO.h" />
    <ClInclude Include="Platform\FKCW_IO_AssetOutputStream_Win.h">
      <Filter>Platform</Filter>
    </ClInclude>
    <ClInclude Include="Include\FKCW_IO_Macros.h">
      <Filter>头文件</Filter>
    </ClInclude>
    <ClInclude Include="Platform\FKCW_IO_AssetInputStream_android.h">
      <Filter>Platform</Filter>
    </ClInclude>
  </ItemGroup>
  <ItemGroup>
    <Filter Include="头文件">
      <UniqueIdentifier>{f1246a44-36a6-48e9-a195-f14a7c1438e9}</UniqueIdentifier>
    </Filter>
    <Filter Include="源文件">
      <UniqueIdentifier>{afca13b0-1d3b-4d65-9255-4403e41b2932}</UniqueIdentifier>
    </Filter>
    <Filter Include="Platform">
      <UniqueIdentifier>{dd5b7e96-66ba-4222-a5e6-e4aa547884a8}</UniqueIdentifier>
    </Filter>
  </ItemGroup>
</Project>