<?xml version="1.0" encoding="utf-8"?>
<Project ToolsVersion="4.0" xmlns="http://schemas.microsoft.com/developer/msbuild/2003">
  <ItemGroup>
    <Filter Include="源文件">
      <UniqueIdentifier>{4FC737F1-C7A5-4376-A066-2A32D752A2FF}</UniqueIdentifier>
      <Extensions>cpp;c;cc;cxx;def;odl;idl;hpj;bat;asm;asmx</Extensions>
    </Filter>
    <Filter Include="头文件">
      <UniqueIdentifier>{93995380-89BD-4b04-88EB-625FBE52EBFB}</UniqueIdentifier>
      <Extensions>h;hpp;hxx;hm;inl;inc;xsd</Extensions>
    </Filter>
    <Filter Include="Interface">
      <UniqueIdentifier>{da5bafd5-fc68-4085-8d38-4d12a12a9d07}</UniqueIdentifier>
    </Filter>
    <Filter Include="Doc">
      <UniqueIdentifier>{9a1b55c6-3957-4574-b631-f21ad76d9866}</UniqueIdentifier>
    </Filter>
  </ItemGroup>
  <ItemGroup>
    <ClInclude Include="Interface\IAnimation.h">
      <Filter>Interface</Filter>
    </ClInclude>
    <ClInclude Include="Interface\IDisplayBridge.h">
      <Filter>Interface</Filter>
    </ClInclude>
    <ClInclude Include="Interface\ITextureAtlas.h">
      <Filter>Interface</Filter>
    </ClInclude>
    <ClInclude Include="Include\Animation.h">
      <Filter>头文件</Filter>
    </ClInclude>
    <ClInclude Include="Include\AnimationData.h">
      <Filter>头文件</Filter>
    </ClInclude>
    <ClInclude Include="Include\AnimationEvent.h">
      <Filter>头文件</Filter>
    </ClInclude>
    <ClInclude Include="Include\AnimationState.h">
      <Filter>头文件</Filter>
    </ClInclude>
    <ClInclude Include="Include\Armature.h">
      <Filter>头文件</Filter>
    </ClInclude>
    <ClInclude Include="Include\ArmatureData.h">
      <Filter>头文件</Filter>
    </ClInclude>
    <ClInclude Include="Include\ArmatureEvent.h">
      <Filter>头文件</Filter>
    </ClInclude>
    <ClInclude Include="Include\BaseFactory.h">
      <Filter>头文件</Filter>
    </ClInclude>
    <ClInclude Include="Include\BaseMacro.h">
      <Filter>头文件</Filter>
    </ClInclude>
    <ClInclude Include="Include\BaseMath.h">
      <Filter>头文件</Filter>
    </ClInclude>
    <ClInclude Include="Include\Bone.h">
      <Filter>头文件</Filter>
    </ClInclude>
    <ClInclude Include="Include\BoneData.h">
      <Filter>头文件</Filter>
    </ClInclude>
    <ClInclude Include="Include\ColorTransform.h">
      <Filter>头文件</Filter>
    </ClInclude>
    <ClInclude Include="Include\ConstString.h">
      <Filter>头文件</Filter>
    </ClInclude>
    <ClInclude Include="Include\DargonBonesObject.h">
      <Filter>头文件</Filter>
    </ClInclude>
    <ClInclude Include="Include\DargonBonesXMLParser.h">
      <Filter>头文件</Filter>
    </ClInclude>
    <ClInclude Include="Include\DisplayData.h">
      <Filter>头文件</Filter>
    </ClInclude>
    <ClInclude Include="Include\Event.h">
      <Filter>头文件</Filter>
    </ClInclude>
    <ClInclude Include="Include\EventDispatcher.h">
      <Filter>头文件</Filter>
    </ClInclude>
    <ClInclude Include="Include\Frame.h">
      <Filter>头文件</Filter>
    </ClInclude>
    <ClInclude Include="Include\FrameEvent.h">
      <Filter>头文件</Filter>
    </ClInclude>
    <ClInclude Include="Include\Matrix.h">
      <Filter>头文件</Filter>
    </ClInclude>
    <ClInclude Include="Include\Object.h">
      <Filter>头文件</Filter>
    </ClInclude>
    <ClInclude Include="Include\Point.h">
      <Filter>头文件</Filter>
    </ClInclude>
    <ClInclude Include="Include\Rect.h">
      <Filter>头文件</Filter>
    </ClInclude>
    <ClInclude Include="Include\SkeletonData.h">
      <Filter>头文件</Filter>
    </ClInclude>
    <ClInclude Include="Include\SkinData.h">
      <Filter>头文件</Filter>
    </ClInclude>
    <ClInclude Include="Include\Slot.h">
      <Filter>头文件</Filter>
    </ClInclude>
    <ClInclude Include="Include\SlotData.h">
      <Filter>头文件</Filter>
    </ClInclude>
    <ClInclude Include="Include\SoundEvent.h">
      <Filter>头文件</Filter>
    </ClInclude>
    <ClInclude Include="Include\SoundEventManager.h">
      <Filter>头文件</Filter>
    </ClInclude>
    <ClInclude Include="Include\TextureAtlasData.h">
      <Filter>头文件</Filter>
    </ClInclude>
    <ClInclude Include="Include\TimeLine.h">
      <Filter>头文件</Filter>
    </ClInclude>
    <ClInclude Include="Include\TimeLineState.h">
      <Filter>头文件</Filter>
    </ClInclude>
    <ClInclude Include="Include\TinyXML2.h">
      <Filter>头文件</Filter>
    </ClInclude>
    <ClInclude Include="Include\Transform.h">
      <Filter>头文件</Filter>
    </ClInclude>
    <ClInclude Include="Include\TransformFrame.h">
      <Filter>头文件</Filter>
    </ClInclude>
    <ClInclude Include="Include\TransformTimeLine.h">
      <Filter>头文件</Filter>
    </ClInclude>
    <ClInclude Include="Include\Version.h">
      <Filter>头文件</Filter>
    </ClInclude>
  </ItemGroup>
  <ItemGroup>
    <Text Include="Doc\基本说明.txt">
      <Filter>Doc</Filter>
    </Text>
  </ItemGroup>
  <ItemGroup>
    <Xml Include="Doc\样例xml分析.xml">
      <Filter>Doc</Filter>
    </Xml>
  </ItemGroup>
  <ItemGroup>
    <ClCompile Include="Source\Animation.cpp">
      <Filter>源文件</Filter>
    </ClCompile>
    <ClCompile Include="Source\AnimationEvent.cpp">
      <Filter>源文件</Filter>
    </ClCompile>
    <ClCompile Include="Source\AnimationState.cpp">
      <Filter>源文件</Filter>
    </ClCompile>
    <ClCompile Include="Source\Armature.cpp">
      <Filter>源文件</Filter>
    </ClCompile>
    <ClCompile Include="Source\ArmatureData.cpp">
      <Filter>源文件</Filter>
    </ClCompile>
    <ClCompile Include="Source\ArmatureEvent.cpp">
      <Filter>源文件</Filter>
    </ClCompile>
    <ClCompile Include="Source\BaseFactory.cpp">
      <Filter>源文件</Filter>
    </ClCompile>
    <ClCompile Include="Source\Bone.cpp">
      <Filter>源文件</Filter>
    </ClCompile>
    <ClCompile Include="Source\DargonBonesObject.cpp">
      <Filter>源文件</Filter>
    </ClCompile>
    <ClCompile Include="Source\DargonBonesXMLParser.cpp">
      <Filter>源文件</Filter>
    </ClCompile>
    <ClCompile Include="Source\EventDispatcher.cpp">
      <Filter>源文件</Filter>
    </ClCompile>
    <ClCompile Include="Source\FrameEvent.cpp">
      <Filter>源文件</Filter>
    </ClCompile>
    <ClCompile Include="Source\Matrix.cpp">
      <Filter>源文件</Filter>
    </ClCompile>
    <ClCompile Include="Source\Slot.cpp">
      <Filter>源文件</Filter>
    </ClCompile>
    <ClCompile Include="Source\SoundEvent.cpp">
      <Filter>源文件</Filter>
    </ClCompile>
    <ClCompile Include="Source\SoundEventManager.cpp">
      <Filter>源文件</Filter>
    </ClCompile>
    <ClCompile Include="Source\TimeLineState.cpp">
      <Filter>源文件</Filter>
    </ClCompile>
    <ClCompile Include="Source\TinyXML2.cpp">
      <Filter>源文件</Filter>
    </ClCompile>
    <ClCompile Include="Source\Transform.cpp">
      <Filter>源文件</Filter>
    </ClCompile>
    <ClCompile Include="Source\TransformTImeLine.cpp">
      <Filter>源文件</Filter>
    </ClCompile>
  </ItemGroup>
</Project>