<?xml version="1.0" encoding="utf-8"?>
<Project ToolsVersion="4.0" xmlns="http://schemas.microsoft.com/developer/msbuild/2003">
  <ItemGroup>
    <Filter Include="源文件">
      <UniqueIdentifier>{4FC737F1-C7A5-4376-A066-2A32D752A2FF}</UniqueIdentifier>
      <Extensions>cpp;c;cc;cxx;def;odl;idl;hpj;bat;asm;asmx</Extensions>
    </Filter>
    <Filter Include="头文件">
      <UniqueIdentifier>{93995380-89BD-4b04-88EB-625FBE52EBFB}</UniqueIdentifier>
      <Extensions>h;hpp;hxx;hm;inl;inc;xsd</Extensions>
    </Filter>
  </ItemGroup>
  <ItemGroup>
    <ClInclude Include="Include\FKCW_Action_ClipIn.h">
      <Filter>头文件</Filter>
    </ClInclude>
    <ClInclude Include="Include\FKCW_Action_ClipOut.h">
      <Filter>头文件</Filter>
    </ClInclude>
    <ClInclude Include="Include\FKCW_Action_Flash.h">
      <Filter>头文件</Filter>
    </ClInclude>
    <ClInclude Include="Include\FKCW_Action_Missile.h">
      <Filter>头文件</Filter>
    </ClInclude>
    <ClInclude Include="Include\FKCW_Action_Shake.h">
      <Filter>头文件</Filter>
    </ClInclude>
    <ClInclude Include="Include\FKCW_Action_TreeFadeIn.h">
      <Filter>头文件</Filter>
    </ClInclude>
    <ClInclude Include="Include\FKCW_Action_TreeFadeOut.h">
      <Filter>头文件</Filter>
    </ClInclude>
    <ClInclude Include="Include\FKCW_Action_CallfuncT.h">
      <Filter>头文件</Filter>
    </ClInclude>
    <ClInclude Include="Include\FKCW_Action_CallfuncNT.h">
      <Filter>头文件</Filter>
    </ClInclude>
    <ClInclude Include="Include\FKCW_Action_Blur.h">
      <Filter>头文件</Filter>
    </ClInclude>
    <ClInclude Include="Include\FKCW_Action_TrailMoveTo.h">
      <Filter>头文件</Filter>
    </ClInclude>
    <ClInclude Include="Include\FKCW_Action_Count.h">
      <Filter>头文件</Filter>
    </ClInclude>
    <ClInclude Include="Include\FKCW_Action_Shine.h">
      <Filter>头文件</Filter>
    </ClInclude>
    <ClInclude Include="FKCW_Action.h" />
    <ClInclude Include="Include\FKCW_Action_Curl.h">
      <Filter>头文件</Filter>
    </ClInclude>
    <ClInclude Include="Include\FKCW_Action_Macros.h">
      <Filter>头文件</Filter>
    </ClInclude>
    <ClInclude Include="Include\FKCW_Action_Suck.h">
      <Filter>头文件</Filter>
    </ClInclude>
  </ItemGroup>
  <ItemGroup>
    <ClCompile Include="Source\FKCW_Action_ClipIn.cpp">
      <Filter>源文件</Filter>
    </ClCompile>
    <ClCompile Include="Source\FKCW_Action_ClipOut.cpp">
      <Filter>源文件</Filter>
    </ClCompile>
    <ClCompile Include="Source\FKCW_Action_Flash.cpp">
      <Filter>源文件</Filter>
    </ClCompile>
    <ClCompile Include="Source\FKCW_Action_Missile.cpp">
      <Filter>源文件</Filter>
    </ClCompile>
    <ClCompile Include="Source\FKCW_Action_Shake.cpp">
      <Filter>源文件</Filter>
    </ClCompile>
    <ClCompile Include="Source\FKCW_Action_TreeFadeIn.cpp">
      <Filter>源文件</Filter>
    </ClCompile>
    <ClCompile Include="Source\FKCW_Action_TreeFadeOut.cpp">
      <Filter>源文件</Filter>
    </ClCompile>
    <ClCompile Include="Source\FKCW_Action_Blur.cpp">
      <Filter>源文件</Filter>
    </ClCompile>
    <ClCompile Include="Source\FKCW_Action_TrailMoveTo.cpp">
      <Filter>源文件</Filter>
    </ClCompile>
    <ClCompile Include="Source\FKCW_Action_Count.cpp">
      <Filter>源文件</Filter>
    </ClCompile>
    <ClCompile Include="Source\FKCW_Action_Shine.cpp">
      <Filter>源文件</Filter>
    </ClCompile>
    <ClCompile Include="Source\FKCW_Action_Curl.cpp">
      <Filter>源文件</Filter>
    </ClCompile>
    <ClCompile Include="Source\FKCW_Action_Suck.cpp">
      <Filter>源文件</Filter>
    </ClCompile>
  </ItemGroup>
</Project>